// !$*UTF8*$!
{
	archiveVersion = 1;
	classes = {
	};
	objectVersion = 46;
	objects = {

/* Begin PBXBuildFile section */
		6EAC08E519398310008E7B84 /* Cocoa.framework in Frameworks */ = {isa = PBXBuildFile; fileRef = 6EAC08E419398310008E7B84 /* Cocoa.framework */; };
		6EAC08EF19398310008E7B84 /* InfoPlist.strings in Resources */ = {isa = PBXBuildFile; fileRef = 6EAC08ED19398310008E7B84 /* InfoPlist.strings */; };
		6EAC08F119398310008E7B84 /* main.m in Sources */ = {isa = PBXBuildFile; fileRef = 6EAC08F019398310008E7B84 /* main.m */; };
		6EAC08F519398310008E7B84 /* Credits.rtf in Resources */ = {isa = PBXBuildFile; fileRef = 6EAC08F319398310008E7B84 /* Credits.rtf */; };
		6EAC08F819398310008E7B84 /* NAVDocument.m in Sources */ = {isa = PBXBuildFile; fileRef = 6EAC08F719398310008E7B84 /* NAVDocument.m */; };
		6EAC08FB19398310008E7B84 /* NAVDocument.xib in Resources */ = {isa = PBXBuildFile; fileRef = 6EAC08F919398310008E7B84 /* NAVDocument.xib */; };
		6EAC08FE19398310008E7B84 /* MainMenu.xib in Resources */ = {isa = PBXBuildFile; fileRef = 6EAC08FC19398310008E7B84 /* MainMenu.xib */; };
		6EAC090019398310008E7B84 /* Images.xcassets in Resources */ = {isa = PBXBuildFile; fileRef = 6EAC08FF19398310008E7B84 /* Images.xcassets */; };
		6EAC090719398310008E7B84 /* XCTest.framework in Frameworks */ = {isa = PBXBuildFile; fileRef = 6EAC090619398310008E7B84 /* XCTest.framework */; };
		6EAC090819398310008E7B84 /* Cocoa.framework in Frameworks */ = {isa = PBXBuildFile; fileRef = 6EAC08E419398310008E7B84 /* Cocoa.framework */; };
		6EAC091019398310008E7B84 /* InfoPlist.strings in Resources */ = {isa = PBXBuildFile; fileRef = 6EAC090E19398310008E7B84 /* InfoPlist.strings */; };
		6EAC091219398310008E7B84 /* NetworkNavigatorTests.m in Sources */ = {isa = PBXBuildFile; fileRef = 6EAC091119398310008E7B84 /* NetworkNavigatorTests.m */; };
		6EAC092619398443008E7B84 /* NetworkObjects.framework in Frameworks */ = {isa = PBXBuildFile; fileRef = 6EAC092519398443008E7B84 /* NetworkObjects.framework */; };
		6EAC092719398447008E7B84 /* NetworkSceneGraph.framework in Frameworks */ = {isa = PBXBuildFile; fileRef = 6EAC092219398421008E7B84 /* NetworkSceneGraph.framework */; };
/* End PBXBuildFile section */

/* Begin PBXContainerItemProxy section */
		6EAC090919398310008E7B84 /* PBXContainerItemProxy */ = {
			isa = PBXContainerItemProxy;
			containerPortal = 6EAC08D919398310008E7B84 /* Project object */;
			proxyType = 1;
			remoteGlobalIDString = 6EAC08E019398310008E7B84;
			remoteInfo = NetworkNavigator;
		};
		6EAC092119398421008E7B84 /* PBXContainerItemProxy */ = {
			isa = PBXContainerItemProxy;
			containerPortal = 6EAC091B19398421008E7B84 /* NetworkSceneGraph.xcodeproj */;
			proxyType = 2;
			remoteGlobalIDString = 6EBC63C8192FEF3E00FCF7C3;
			remoteInfo = NetworkSceneGraph;
		};
		6EAC092319398421008E7B84 /* PBXContainerItemProxy */ = {
			isa = PBXContainerItemProxy;
			containerPortal = 6EAC091B19398421008E7B84 /* NetworkSceneGraph.xcodeproj */;
			proxyType = 2;
			remoteGlobalIDString = 6EBC63DF192FEF3E00FCF7C3;
			remoteInfo = NetworkSceneGraphTests;
		};
/* End PBXContainerItemProxy section */

/* Begin PBXFileReference section */
		6EAC08E119398310008E7B84 /* NetworkNavigator.app */ = {isa = PBXFileReference; explicitFileType = wrapper.application; includeInIndex = 0; path = NetworkNavigator.app; sourceTree = BUILT_PRODUCTS_DIR; };
		6EAC08E419398310008E7B84 /* Cocoa.framework */ = {isa = PBXFileReference; lastKnownFileType = wrapper.framework; name = Cocoa.framework; path = System/Library/Frameworks/Cocoa.framework; sourceTree = SDKROOT; };
		6EAC08E719398310008E7B84 /* AppKit.framework */ = {isa = PBXFileReference; lastKnownFileType = wrapper.framework; name = AppKit.framework; path = System/Library/Frameworks/AppKit.framework; sourceTree = SDKROOT; };
		6EAC08E819398310008E7B84 /* CoreData.framework */ = {isa = PBXFileReference; lastKnownFileType = wrapper.framework; name = CoreData.framework; path = System/Library/Frameworks/CoreData.framework; sourceTree = SDKROOT; };
		6EAC08E919398310008E7B84 /* Foundation.framework */ = {isa = PBXFileReference; lastKnownFileType = wrapper.framework; name = Foundation.framework; path = System/Library/Frameworks/Foundation.framework; sourceTree = SDKROOT; };
		6EAC08EC19398310008E7B84 /* NetworkNavigator-Info.plist */ = {isa = PBXFileReference; lastKnownFileType = text.plist.xml; path = "NetworkNavigator-Info.plist"; sourceTree = "<group>"; };
		6EAC08EE19398310008E7B84 /* en */ = {isa = PBXFileReference; lastKnownFileType = text.plist.strings; name = en; path = en.lproj/InfoPlist.strings; sourceTree = "<group>"; };
		6EAC08F019398310008E7B84 /* main.m */ = {isa = PBXFileReference; lastKnownFileType = sourcecode.c.objc; path = main.m; sourceTree = "<group>"; };
		6EAC08F219398310008E7B84 /* NetworkNavigator-Prefix.pch */ = {isa = PBXFileReference; lastKnownFileType = sourcecode.c.h; path = "NetworkNavigator-Prefix.pch"; sourceTree = "<group>"; };
		6EAC08F419398310008E7B84 /* en */ = {isa = PBXFileReference; lastKnownFileType = text.rtf; name = en; path = en.lproj/Credits.rtf; sourceTree = "<group>"; };
		6EAC08F619398310008E7B84 /* NAVDocument.h */ = {isa = PBXFileReference; lastKnownFileType = sourcecode.c.h; path = NAVDocument.h; sourceTree = "<group>"; };
		6EAC08F719398310008E7B84 /* NAVDocument.m */ = {isa = PBXFileReference; lastKnownFileType = sourcecode.c.objc; path = NAVDocument.m; sourceTree = "<group>"; };
		6EAC08FA19398310008E7B84 /* Base */ = {isa = PBXFileReference; lastKnownFileType = file.xib; name = Base; path = Base.lproj/NAVDocument.xib; sourceTree = "<group>"; };
		6EAC08FD19398310008E7B84 /* Base */ = {isa = PBXFileReference; lastKnownFileType = file.xib; name = Base; path = Base.lproj/MainMenu.xib; sourceTree = "<group>"; };
		6EAC08FF19398310008E7B84 /* Images.xcassets */ = {isa = PBXFileReference; lastKnownFileType = folder.assetcatalog; path = Images.xcassets; sourceTree = "<group>"; };
		6EAC090519398310008E7B84 /* NetworkNavigatorTests.xctest */ = {isa = PBXFileReference; explicitFileType = wrapper.cfbundle; includeInIndex = 0; path = NetworkNavigatorTests.xctest; sourceTree = BUILT_PRODUCTS_DIR; };
		6EAC090619398310008E7B84 /* XCTest.framework */ = {isa = PBXFileReference; lastKnownFileType = wrapper.framework; name = XCTest.framework; path = Library/Frameworks/XCTest.framework; sourceTree = DEVELOPER_DIR; };
		6EAC090D19398310008E7B84 /* NetworkNavigatorTests-Info.plist */ = {isa = PBXFileReference; lastKnownFileType = text.plist.xml; path = "NetworkNavigatorTests-Info.plist"; sourceTree = "<group>"; };
		6EAC090F19398310008E7B84 /* en */ = {isa = PBXFileReference; lastKnownFileType = text.plist.strings; name = en; path = en.lproj/InfoPlist.strings; sourceTree = "<group>"; };
		6EAC091119398310008E7B84 /* NetworkNavigatorTests.m */ = {isa = PBXFileReference; lastKnownFileType = sourcecode.c.objc; path = NetworkNavigatorTests.m; sourceTree = "<group>"; };
		6EAC091B19398421008E7B84 /* NetworkSceneGraph.xcodeproj */ = {isa = PBXFileReference; lastKnownFileType = "wrapper.pb-project"; name = NetworkSceneGraph.xcodeproj; path = ../NetworkSceneGraph/NetworkSceneGraph/NetworkSceneGraph.xcodeproj; sourceTree = "<group>"; };
		6EAC092519398443008E7B84 /* NetworkObjects.framework */ = {isa = PBXFileReference; lastKnownFileType = wrapper.framework; name = NetworkObjects.framework; path = ../NetworkSceneGraph/NetworkSceneGraph/Dependencies/NetworkObjects/Framework/NetworkObjects/build/Debug/NetworkObjects.framework; sourceTree = "<group>"; };
/* End PBXFileReference section */

/* Begin PBXFrameworksBuildPhase section */
		6EAC08DE19398310008E7B84 /* Frameworks */ = {
			isa = PBXFrameworksBuildPhase;
			buildActionMask = 2147483647;
			files = (
				6EAC092719398447008E7B84 /* NetworkSceneGraph.framework in Frameworks */,
				6EAC092619398443008E7B84 /* NetworkObjects.framework in Frameworks */,
				6EAC08E519398310008E7B84 /* Cocoa.framework in Frameworks */,
			);
			runOnlyForDeploymentPostprocessing = 0;
		};
		6EAC090219398310008E7B84 /* Frameworks */ = {
			isa = PBXFrameworksBuildPhase;
			buildActionMask = 2147483647;
			files = (
				6EAC090819398310008E7B84 /* Cocoa.framework in Frameworks */,
				6EAC090719398310008E7B84 /* XCTest.framework in Frameworks */,
			);
			runOnlyForDeploymentPostprocessing = 0;
		};
/* End PBXFrameworksBuildPhase section */

/* Begin PBXGroup section */
		6EAC08D819398310008E7B84 = {
			isa = PBXGroup;
			children = (
				6EAC08EA19398310008E7B84 /* NetworkNavigator */,
				6EAC090B19398310008E7B84 /* NetworkNavigatorTests */,
				6EAC08E319398310008E7B84 /* Frameworks */,
				6EAC08E219398310008E7B84 /* Products */,
			);
			sourceTree = "<group>";
		};
		6EAC08E219398310008E7B84 /* Products */ = {
			isa = PBXGroup;
			children = (
				6EAC08E119398310008E7B84 /* NetworkNavigator.app */,
				6EAC090519398310008E7B84 /* NetworkNavigatorTests.xctest */,
			);
			name = Products;
			sourceTree = "<group>";
		};
		6EAC08E319398310008E7B84 /* Frameworks */ = {
			isa = PBXGroup;
			children = (
				6EAC091B19398421008E7B84 /* NetworkSceneGraph.xcodeproj */,
				6EAC092519398443008E7B84 /* NetworkObjects.framework */,
				6EAC08E419398310008E7B84 /* Cocoa.framework */,
				6EAC090619398310008E7B84 /* XCTest.framework */,
				6EAC08E619398310008E7B84 /* Other Frameworks */,
			);
			name = Frameworks;
			sourceTree = "<group>";
		};
		6EAC08E619398310008E7B84 /* Other Frameworks */ = {
			isa = PBXGroup;
			children = (
				6EAC08E719398310008E7B84 /* AppKit.framework */,
				6EAC08E819398310008E7B84 /* CoreData.framework */,
				6EAC08E919398310008E7B84 /* Foundation.framework */,
			);
			name = "Other Frameworks";
			sourceTree = "<group>";
		};
		6EAC08EA19398310008E7B84 /* NetworkNavigator */ = {
			isa = PBXGroup;
			children = (
				6EAC08F619398310008E7B84 /* NAVDocument.h */,
				6EAC08F719398310008E7B84 /* NAVDocument.m */,
				6EAC08F919398310008E7B84 /* NAVDocument.xib */,
				6EAC08FC19398310008E7B84 /* MainMenu.xib */,
				6EAC08FF19398310008E7B84 /* Images.xcassets */,
				6EAC08EB19398310008E7B84 /* Supporting Files */,
			);
			path = NetworkNavigator;
			sourceTree = "<group>";
		};
		6EAC08EB19398310008E7B84 /* Supporting Files */ = {
			isa = PBXGroup;
			children = (
				6EAC08EC19398310008E7B84 /* NetworkNavigator-Info.plist */,
				6EAC08ED19398310008E7B84 /* InfoPlist.strings */,
				6EAC08F019398310008E7B84 /* main.m */,
				6EAC08F219398310008E7B84 /* NetworkNavigator-Prefix.pch */,
				6EAC08F319398310008E7B84 /* Credits.rtf */,
			);
			name = "Supporting Files";
			sourceTree = "<group>";
		};
		6EAC090B19398310008E7B84 /* NetworkNavigatorTests */ = {
			isa = PBXGroup;
			children = (
				6EAC091119398310008E7B84 /* NetworkNavigatorTests.m */,
				6EAC090C19398310008E7B84 /* Supporting Files */,
			);
			path = NetworkNavigatorTests;
			sourceTree = "<group>";
		};
		6EAC090C19398310008E7B84 /* Supporting Files */ = {
			isa = PBXGroup;
			children = (
				6EAC090D19398310008E7B84 /* NetworkNavigatorTests-Info.plist */,
				6EAC090E19398310008E7B84 /* InfoPlist.strings */,
			);
			name = "Supporting Files";
			sourceTree = "<group>";
		};
		6EAC091C19398421008E7B84 /* Products */ = {
			isa = PBXGroup;
			children = (
				6EAC092219398421008E7B84 /* NetworkSceneGraph.framework */,
				6EAC092419398421008E7B84 /* NetworkSceneGraphTests.xctest */,
			);
			name = Products;
			sourceTree = "<group>";
		};
/* End PBXGroup section */

/* Begin PBXNativeTarget section */
		6EAC08E019398310008E7B84 /* NetworkNavigator */ = {
			isa = PBXNativeTarget;
			buildConfigurationList = 6EAC091519398310008E7B84 /* Build configuration list for PBXNativeTarget "NetworkNavigator" */;
			buildPhases = (
				6EAC08DD19398310008E7B84 /* Sources */,
				6EAC08DE19398310008E7B84 /* Frameworks */,
				6EAC08DF19398310008E7B84 /* Resources */,
			);
			buildRules = (
			);
			dependencies = (
			);
			name = NetworkNavigator;
			productName = NetworkNavigator;
			productReference = 6EAC08E119398310008E7B84 /* NetworkNavigator.app */;
			productType = "com.apple.product-type.application";
		};
		6EAC090419398310008E7B84 /* NetworkNavigatorTests */ = {
			isa = PBXNativeTarget;
			buildConfigurationList = 6EAC091819398310008E7B84 /* Build configuration list for PBXNativeTarget "NetworkNavigatorTests" */;
			buildPhases = (
				6EAC090119398310008E7B84 /* Sources */,
				6EAC090219398310008E7B84 /* Frameworks */,
				6EAC090319398310008E7B84 /* Resources */,
			);
			buildRules = (
			);
			dependencies = (
				6EAC090A19398310008E7B84 /* PBXTargetDependency */,
			);
			name = NetworkNavigatorTests;
			productName = NetworkNavigatorTests;
			productReference = 6EAC090519398310008E7B84 /* NetworkNavigatorTests.xctest */;
			productType = "com.apple.product-type.bundle.unit-test";
		};
/* End PBXNativeTarget section */

/* Begin PBXProject section */
		6EAC08D919398310008E7B84 /* Project object */ = {
			isa = PBXProject;
			attributes = {
				CLASSPREFIX = NAV;
				LastUpgradeCheck = 0510;
				ORGANIZATIONNAME = ColemanCDA;
				TargetAttributes = {
					6EAC08E019398310008E7B84 = {
						DevelopmentTeam = 4W79SG34MW;
					};
					6EAC090419398310008E7B84 = {
						TestTargetID = 6EAC08E019398310008E7B84;
					};
				};
			};
			buildConfigurationList = 6EAC08DC19398310008E7B84 /* Build configuration list for PBXProject "NetworkNavigator" */;
			compatibilityVersion = "Xcode 3.2";
			developmentRegion = English;
			hasScannedForEncodings = 0;
			knownRegions = (
				en,
				Base,
			);
			mainGroup = 6EAC08D819398310008E7B84;
			productRefGroup = 6EAC08E219398310008E7B84 /* Products */;
			projectDirPath = "";
			projectReferences = (
				{
					ProductGroup = 6EAC091C19398421008E7B84 /* Products */;
					ProjectRef = 6EAC091B19398421008E7B84 /* NetworkSceneGraph.xcodeproj */;
				},
			);
			projectRoot = "";
			targets = (
				6EAC08E019398310008E7B84 /* NetworkNavigator */,
				6EAC090419398310008E7B84 /* NetworkNavigatorTests */,
			);
		};
/* End PBXProject section */

/* Begin PBXReferenceProxy section */
		6EAC092219398421008E7B84 /* NetworkSceneGraph.framework */ = {
			isa = PBXReferenceProxy;
			fileType = wrapper.framework;
			path = NetworkSceneGraph.framework;
			remoteRef = 6EAC092119398421008E7B84 /* PBXContainerItemProxy */;
			sourceTree = BUILT_PRODUCTS_DIR;
		};
		6EAC092419398421008E7B84 /* NetworkSceneGraphTests.xctest */ = {
			isa = PBXReferenceProxy;
			fileType = wrapper.cfbundle;
			path = NetworkSceneGraphTests.xctest;
			remoteRef = 6EAC092319398421008E7B84 /* PBXContainerItemProxy */;
			sourceTree = BUILT_PRODUCTS_DIR;
		};
/* End PBXReferenceProxy section */

/* Begin PBXResourcesBuildPhase section */
		6EAC08DF19398310008E7B84 /* Resources */ = {
			isa = PBXResourcesBuildPhase;
			buildActionMask = 2147483647;
			files = (
				6EAC08EF19398310008E7B84 /* InfoPlist.strings in Resources */,
				6EAC090019398310008E7B84 /* Images.xcassets in Resources */,
				6EAC08FB19398310008E7B84 /* NAVDocument.xib in Resources */,
				6EAC08F519398310008E7B84 /* Credits.rtf in Resources */,
				6EAC08FE19398310008E7B84 /* MainMenu.xib in Resources */,
			);
			runOnlyForDeploymentPostprocessing = 0;
		};
		6EAC090319398310008E7B84 /* Resources */ = {
			isa = PBXResourcesBuildPhase;
			buildActionMask = 2147483647;
			files = (
				6EAC091019398310008E7B84 /* InfoPlist.strings in Resources */,
			);
			runOnlyForDeploymentPostprocessing = 0;
		};
/* End PBXResourcesBuildPhase section */

/* Begin PBXSourcesBuildPhase section */
		6EAC08DD19398310008E7B84 /* Sources */ = {
			isa = PBXSourcesBuildPhase;
			buildActionMask = 2147483647;
			files = (
				6EAC08F819398310008E7B84 /* NAVDocument.m in Sources */,
				6EAC08F119398310008E7B84 /* main.m in Sources */,
			);
			runOnlyForDeploymentPostprocessing = 0;
		};
		6EAC090119398310008E7B84 /* Sources */ = {
			isa = PBXSourcesBuildPhase;
			buildActionMask = 2147483647;
			files = (
				6EAC091219398310008E7B84 /* NetworkNavigatorTests.m in Sources */,
			);
			runOnlyForDeploymentPostprocessing = 0;
		};
/* End PBXSourcesBuildPhase section */

/* Begin PBXTargetDependency section */
		6EAC090A19398310008E7B84 /* PBXTargetDependency */ = {
			isa = PBXTargetDependency;
			target = 6EAC08E019398310008E7B84 /* NetworkNavigator */;
			targetProxy = 6EAC090919398310008E7B84 /* PBXContainerItemProxy */;
		};
/* End PBXTargetDependency section */

/* Begin PBXVariantGroup section */
		6EAC08ED19398310008E7B84 /* InfoPlist.strings */ = {
			isa = PBXVariantGroup;
			children = (
				6EAC08EE19398310008E7B84 /* en */,
			);
			name = InfoPlist.strings;
			sourceTree = "<group>";
		};
		6EAC08F319398310008E7B84 /* Credits.rtf */ = {
			isa = PBXVariantGroup;
			children = (
				6EAC08F419398310008E7B84 /* en */,
			);
			name = Credits.rtf;
			sourceTree = "<group>";
		};
		6EAC08F919398310008E7B84 /* NAVDocument.xib */ = {
			isa = PBXVariantGroup;
			children = (
				6EAC08FA19398310008E7B84 /* Base */,
			);
			name = NAVDocument.xib;
			sourceTree = "<group>";
		};
		6EAC08FC19398310008E7B84 /* MainMenu.xib */ = {
			isa = PBXVariantGroup;
			children = (
				6EAC08FD19398310008E7B84 /* Base */,
			);
			name = MainMenu.xib;
			sourceTree = "<group>";
		};
		6EAC090E19398310008E7B84 /* InfoPlist.strings */ = {
			isa = PBXVariantGroup;
			children = (
				6EAC090F19398310008E7B84 /* en */,
			);
			name = InfoPlist.strings;
			sourceTree = "<group>";
		};
/* End PBXVariantGroup section */

/* Begin XCBuildConfiguration section */
		6EAC091319398310008E7B84 /* Debug */ = {
			isa = XCBuildConfiguration;
			buildSettings = {
				ALWAYS_SEARCH_USER_PATHS = NO;
				CLANG_CXX_LANGUAGE_STANDARD = "gnu++0x";
				CLANG_CXX_LIBRARY = "libc++";
				CLANG_ENABLE_MODULES = YES;
				CLANG_ENABLE_OBJC_ARC = YES;
				CLANG_WARN_BOOL_CONVERSION = YES;
				CLANG_WARN_CONSTANT_CONVERSION = YES;
				CLANG_WARN_DIRECT_OBJC_ISA_USAGE = YES_ERROR;
				CLANG_WARN_EMPTY_BODY = YES;
				CLANG_WARN_ENUM_CONVERSION = YES;
				CLANG_WARN_INT_CONVERSION = YES;
				CLANG_WARN_OBJC_ROOT_CLASS = YES_ERROR;
				CLANG_WARN__DUPLICATE_METHOD_MATCH = YES;
				COPY_PHASE_STRIP = NO;
				GCC_C_LANGUAGE_STANDARD = gnu99;
				GCC_DYNAMIC_NO_PIC = NO;
				GCC_ENABLE_OBJC_EXCEPTIONS = YES;
				GCC_OPTIMIZATION_LEVEL = 0;
				GCC_PREPROCESSOR_DEFINITIONS = (
					"DEBUG=1",
					"$(inherited)",
				);
				GCC_SYMBOLS_PRIVATE_EXTERN = NO;
				GCC_WARN_64_TO_32_BIT_CONVERSION = YES;
				GCC_WARN_ABOUT_RETURN_TYPE = YES_ERROR;
				GCC_WARN_UNDECLARED_SELECTOR = YES;
				GCC_WARN_UNINITIALIZED_AUTOS = YES_AGGRESSIVE;
				GCC_WARN_UNUSED_FUNCTION = YES;
				GCC_WARN_UNUSED_VARIABLE = YES;
				MACOSX_DEPLOYMENT_TARGET = 10.9;
				ONLY_ACTIVE_ARCH = YES;
				SDKROOT = macosx;
			};
			name = Debug;
		};
		6EAC091419398310008E7B84 /* Release */ = {
			isa = XCBuildConfiguration;
			buildSettings = {
				ALWAYS_SEARCH_USER_PATHS = NO;
				CLANG_CXX_LANGUAGE_STANDARD = "gnu++0x";
				CLANG_CXX_LIBRARY = "libc++";
				CLANG_ENABLE_MODULES = YES;
				CLANG_ENABLE_OBJC_ARC = YES;
				CLANG_WARN_BOOL_CONVERSION = YES;
				CLANG_WARN_CONSTANT_CONVERSION = YES;
				CLANG_WARN_DIRECT_OBJC_ISA_USAGE = YES_ERROR;
				CLANG_WARN_EMPTY_BODY = YES;
				CLANG_WARN_ENUM_CONVERSION = YES;
				CLANG_WARN_INT_CONVERSION = YES;
				CLANG_WARN_OBJC_ROOT_CLASS = YES_ERROR;
				CLANG_WARN__DUPLICATE_METHOD_MATCH = YES;
				COPY_PHASE_STRIP = YES;
				DEBUG_INFORMATION_FORMAT = "dwarf-with-dsym";
				ENABLE_NS_ASSERTIONS = NO;
				GCC_C_LANGUAGE_STANDARD = gnu99;
				GCC_ENABLE_OBJC_EXCEPTIONS = YES;
				GCC_WARN_64_TO_32_BIT_CONVERSION = YES;
				GCC_WARN_ABOUT_RETURN_TYPE = YES_ERROR;
				GCC_WARN_UNDECLARED_SELECTOR = YES;
				GCC_WARN_UNINITIALIZED_AUTOS = YES_AGGRESSIVE;
				GCC_WARN_UNUSED_FUNCTION = YES;
				GCC_WARN_UNUSED_VARIABLE = YES;
				MACOSX_DEPLOYMENT_TARGET = 10.9;
				SDKROOT = macosx;
			};
			name = Release;
		};
		6EAC091619398310008E7B84 /* Debug */ = {
			isa = XCBuildConfiguration;
			buildSettings = {
				ASSETCATALOG_COMPILER_APPICON_NAME = AppIcon;
				CODE_SIGN_IDENTITY = "Mac Developer";
				COMBINE_HIDPI_IMAGES = YES;
				FRAMEWORK_SEARCH_PATHS = (
					"$(inherited)",
					/Users/Coleman/Programming/MyProjects/NetworkNavigator/NetworkSceneGraph/NetworkSceneGraph/Dependencies/NetworkObjects/Framework/NetworkObjects/build/Debug,
				);
				GCC_PRECOMPILE_PREFIX_HEADER = YES;
				GCC_PREFIX_HEADER = "NetworkNavigator/NetworkNavigator-Prefix.pch";
				INFOPLIST_FILE = "NetworkNavigator/NetworkNavigator-Info.plist";
				PRODUCT_NAME = "$(TARGET_NAME)";
				WRAPPER_EXTENSION = app;
			};
			name = Debug;
		};
		6EAC091719398310008E7B84 /* Release */ = {
			isa = XCBuildConfiguration;
			buildSettings = {
				ASSETCATALOG_COMPILER_APPICON_NAME = AppIcon;
				CODE_SIGN_IDENTITY = "Mac Developer";
				COMBINE_HIDPI_IMAGES = YES;
				FRAMEWORK_SEARCH_PATHS = (
					"$(inherited)",
					/Users/Coleman/Programming/MyProjects/NetworkNavigator/NetworkSceneGraph/NetworkSceneGraph/Dependencies/NetworkObjects/Framework/NetworkObjects/build/Debug,
				);
				GCC_PRECOMPILE_PREFIX_HEADER = YES;
				GCC_PREFIX_HEADER = "NetworkNavigator/NetworkNavigator-Prefix.pch";
				INFOPLIST_FILE = "NetworkNavigator/NetworkNavigator-Info.plist";
				PRODUCT_NAME = "$(TARGET_NAME)";
				WRAPPER_EXTENSION = app;
			};
			name = Release;
		};
		6EAC091919398310008E7B84 /* Debug */ = {
			isa = XCBuildConfiguration;
			buildSettings = {
				BUNDLE_LOADER = "$(BUILT_PRODUCTS_DIR)/NetworkNavigator.app/Contents/MacOS/NetworkNavigator";
				COMBINE_HIDPI_IMAGES = YES;
				FRAMEWORK_SEARCH_PATHS = (
					"$(DEVELOPER_FRAMEWORKS_DIR)",
					"$(inherited)",
				);
				GCC_PRECOMPILE_PREFIX_HEADER = YES;
				GCC_PREFIX_HEADER = "NetworkNavigator/NetworkNavigator-Prefix.pch";
				GCC_PREPROCESSOR_DEFINITIONS = (
					"DEBUG=1",
					"$(inherited)",
				);
				INFOPLIST_FILE = "NetworkNavigatorTests/NetworkNavigatorTests-Info.plist";
				PRODUCT_NAME = "$(TARGET_NAME)";
				TEST_HOST = "$(BUNDLE_LOADER)";
				WRAPPER_EXTENSION = xctest;
			};
			name = Debug;
		};
		6EAC091A19398310008E7B84 /* Release */ = {
			isa = XCBuildConfiguration;
			buildSettings = {
				BUNDLE_LOADER = "$(BUILT_PRODUCTS_DIR)/NetworkNavigator.app/Contents/MacOS/NetworkNavigator";
				COMBINE_HIDPI_IMAGES = YES;
				FRAMEWORK_SEARCH_PATHS = (
					"$(DEVELOPER_FRAMEWORKS_DIR)",
					"$(inherited)",
				);
				GCC_PRECOMPILE_PREFIX_HEADER = YES;
				GCC_PREFIX_HEADER = "NetworkNavigator/NetworkNavigator-Prefix.pch";
				INFOPLIST_FILE = "NetworkNavigatorTests/NetworkNavigatorTests-Info.plist";
				PRODUCT_NAME = "$(TARGET_NAME)";
				TEST_HOST = "$(BUNDLE_LOADER)";
				WRAPPER_EXTENSION = xctest;
			};
			name = Release;
		};
/* End XCBuildConfiguration section */

/* Begin XCConfigurationList section */
		6EAC08DC19398310008E7B84 /* Build configuration list for PBXProject "NetworkNavigator" */ = {
			isa = XCConfigurationList;
			buildConfigurations = (
				6EAC091319398310008E7B84 /* Debug */,
				6EAC091419398310008E7B84 /* Release */,
			);
			defaultConfigurationIsVisible = 0;
			defaultConfigurationName = Release;
		};
		6EAC091519398310008E7B84 /* Build configuration list for PBXNativeTarget "NetworkNavigator" */ = {
			isa = XCConfigurationList;
			buildConfigurations = (
				6EAC091619398310008E7B84 /* Debug */,
				6EAC091719398310008E7B84 /* Release */,
			);
			defaultConfigurationIsVisible = 0;
			defaultConfigurationName = Release;
		};
		6EAC091819398310008E7B84 /* Build configuration list for PBXNativeTarget "NetworkNavigatorTests" */ = {
			isa = XCConfigurationList;
			buildConfigurations = (
				6EAC091919398310008E7B84 /* Debug */,
				6EAC091A19398310008E7B84 /* Release */,
			);
			defaultConfigurationIsVisible = 0;
			defaultConfigurationName = Release;
		};
/* End XCConfigurationList section */
	};
	rootObject = 6EAC08D919398310008E7B84 /* Project object */;
}
