// !$*UTF8*$!
{
	archiveVersion = 1;
	classes = {
	};
	objectVersion = 46;
	objects = {

/* Begin PBXBuildFile section */
		6E20B4C21942161D00830D55 /* main.swift in Sources */ = {isa = PBXBuildFile; fileRef = 6E20B4C11942161D00830D55 /* main.swift */; };
		6E20B4C41942161D00830D55 /* ViewController.swift in Sources */ = {isa = PBXBuildFile; fileRef = 6E20B4C31942161D00830D55 /* ViewController.swift */; };
		6E20B4C61942161D00830D55 /* AppDelegate.swift in Sources */ = {isa = PBXBuildFile; fileRef = 6E20B4C51942161D00830D55 /* AppDelegate.swift */; };
		6E20B4C81942161D00830D55 /* Images.xcassets in Resources */ = {isa = PBXBuildFile; fileRef = 6E20B4C71942161D00830D55 /* Images.xcassets */; };
		6E20B4CB1942161D00830D55 /* Main.storyboard in Resources */ = {isa = PBXBuildFile; fileRef = 6E20B4C91942161D00830D55 /* Main.storyboard */; };
		6E20B4D71942161D00830D55 /* NetworkNavigatorTests.swift in Sources */ = {isa = PBXBuildFile; fileRef = 6E20B4D61942161D00830D55 /* NetworkNavigatorTests.swift */; };
/* End PBXBuildFile section */

/* Begin PBXContainerItemProxy section */
		6E20B4D11942161D00830D55 /* PBXContainerItemProxy */ = {
			isa = PBXContainerItemProxy;
			containerPortal = 6E20B4B41942161D00830D55 /* Project object */;
			proxyType = 1;
			remoteGlobalIDString = 6E20B4BB1942161D00830D55;
			remoteInfo = NetworkNavigator;
		};
		6E20B4E61942164600830D55 /* PBXContainerItemProxy */ = {
			isa = PBXContainerItemProxy;
			containerPortal = 6E20B4E01942164600830D55 /* NetworkSceneGraph.xcodeproj */;
			proxyType = 2;
			remoteGlobalIDString = 6EBC63C8192FEF3E00FCF7C3;
			remoteInfo = NetworkSceneGraph;
		};
		6E20B4E81942164600830D55 /* PBXContainerItemProxy */ = {
			isa = PBXContainerItemProxy;
			containerPortal = 6E20B4E01942164600830D55 /* NetworkSceneGraph.xcodeproj */;
			proxyType = 2;
			remoteGlobalIDString = 6EBC63DF192FEF3E00FCF7C3;
			remoteInfo = NetworkSceneGraphTests;
		};
/* End PBXContainerItemProxy section */

/* Begin PBXFileReference section */
		6E20B4BC1942161D00830D55 /* NetworkNavigator.app */ = {isa = PBXFileReference; explicitFileType = wrapper.application; includeInIndex = 0; path = NetworkNavigator.app; sourceTree = BUILT_PRODUCTS_DIR; };
		6E20B4C01942161D00830D55 /* Info.plist */ = {isa = PBXFileReference; lastKnownFileType = text.plist.xml; path = Info.plist; sourceTree = "<group>"; };
		6E20B4C11942161D00830D55 /* main.swift */ = {isa = PBXFileReference; lastKnownFileType = sourcecode.swift; path = main.swift; sourceTree = "<group>"; };
		6E20B4C31942161D00830D55 /* ViewController.swift */ = {isa = PBXFileReference; lastKnownFileType = sourcecode.swift; path = ViewController.swift; sourceTree = "<group>"; };
		6E20B4C51942161D00830D55 /* AppDelegate.swift */ = {isa = PBXFileReference; lastKnownFileType = sourcecode.swift; path = AppDelegate.swift; sourceTree = "<group>"; };
		6E20B4C71942161D00830D55 /* Images.xcassets */ = {isa = PBXFileReference; lastKnownFileType = folder.assetcatalog; path = Images.xcassets; sourceTree = "<group>"; };
		6E20B4CA1942161D00830D55 /* Base */ = {isa = PBXFileReference; lastKnownFileType = file.storyboard; name = Base; path = Base.lproj/Main.storyboard; sourceTree = "<group>"; };
		6E20B4D01942161D00830D55 /* NetworkNavigatorTests.xctest */ = {isa = PBXFileReference; explicitFileType = wrapper.cfbundle; includeInIndex = 0; path = NetworkNavigatorTests.xctest; sourceTree = BUILT_PRODUCTS_DIR; };
		6E20B4D51942161D00830D55 /* Info.plist */ = {isa = PBXFileReference; lastKnownFileType = text.plist.xml; path = Info.plist; sourceTree = "<group>"; };
		6E20B4D61942161D00830D55 /* NetworkNavigatorTests.swift */ = {isa = PBXFileReference; lastKnownFileType = sourcecode.swift; path = NetworkNavigatorTests.swift; sourceTree = "<group>"; };
		6E20B4E01942164600830D55 /* NetworkSceneGraph.xcodeproj */ = {isa = PBXFileReference; lastKnownFileType = "wrapper.pb-project"; name = NetworkSceneGraph.xcodeproj; path = ../../NetworkSceneGraph/NetworkSceneGraph/NetworkSceneGraph.xcodeproj; sourceTree = "<group>"; };
/* End PBXFileReference section */

/* Begin PBXFrameworksBuildPhase section */
		6E20B4B91942161D00830D55 /* Frameworks */ = {
			isa = PBXFrameworksBuildPhase;
			buildActionMask = 2147483647;
			files = (
			);
			runOnlyForDeploymentPostprocessing = 0;
		};
		6E20B4CD1942161D00830D55 /* Frameworks */ = {
			isa = PBXFrameworksBuildPhase;
			buildActionMask = 2147483647;
			files = (
			);
			runOnlyForDeploymentPostprocessing = 0;
		};
/* End PBXFrameworksBuildPhase section */

/* Begin PBXGroup section */
		6E20B4B31942161D00830D55 = {
			isa = PBXGroup;
			children = (
				6E20B4BE1942161D00830D55 /* NetworkNavigator */,
				6E20B4D31942161D00830D55 /* NetworkNavigatorTests */,
				6E20B4BD1942161D00830D55 /* Products */,
			);
			sourceTree = "<group>";
		};
		6E20B4BD1942161D00830D55 /* Products */ = {
			isa = PBXGroup;
			children = (
				6E20B4BC1942161D00830D55 /* NetworkNavigator.app */,
				6E20B4D01942161D00830D55 /* NetworkNavigatorTests.xctest */,
			);
			name = Products;
			sourceTree = "<group>";
		};
		6E20B4BE1942161D00830D55 /* NetworkNavigator */ = {
			isa = PBXGroup;
			children = (
				6E20B4C31942161D00830D55 /* ViewController.swift */,
				6E20B4C51942161D00830D55 /* AppDelegate.swift */,
				6E20B4C71942161D00830D55 /* Images.xcassets */,
				6E20B4C91942161D00830D55 /* Main.storyboard */,
				6E20B4E01942164600830D55 /* NetworkSceneGraph.xcodeproj */,
				6E20B4BF1942161D00830D55 /* Supporting Files */,
			);
			path = NetworkNavigator;
			sourceTree = "<group>";
		};
		6E20B4BF1942161D00830D55 /* Supporting Files */ = {
			isa = PBXGroup;
			children = (
				6E20B4C01942161D00830D55 /* Info.plist */,
				6E20B4C11942161D00830D55 /* main.swift */,
			);
			name = "Supporting Files";
			sourceTree = "<group>";
		};
		6E20B4D31942161D00830D55 /* NetworkNavigatorTests */ = {
			isa = PBXGroup;
			children = (
				6E20B4D61942161D00830D55 /* NetworkNavigatorTests.swift */,
				6E20B4D41942161D00830D55 /* Supporting Files */,
			);
			path = NetworkNavigatorTests;
			sourceTree = "<group>";
		};
		6E20B4D41942161D00830D55 /* Supporting Files */ = {
			isa = PBXGroup;
			children = (
				6E20B4D51942161D00830D55 /* Info.plist */,
			);
			name = "Supporting Files";
			sourceTree = "<group>";
		};
		6E20B4E11942164600830D55 /* Products */ = {
			isa = PBXGroup;
			children = (
				6E20B4E71942164600830D55 /* NetworkSceneGraph.framework */,
				6E20B4E91942164600830D55 /* NetworkSceneGraphTests.xctest */,
			);
			name = Products;
			sourceTree = "<group>";
		};
/* End PBXGroup section */

/* Begin PBXNativeTarget section */
		6E20B4BB1942161D00830D55 /* NetworkNavigator */ = {
			isa = PBXNativeTarget;
			buildConfigurationList = 6E20B4DA1942161D00830D55 /* Build configuration list for PBXNativeTarget "NetworkNavigator" */;
			buildPhases = (
				6E20B4B81942161D00830D55 /* Sources */,
				6E20B4B91942161D00830D55 /* Frameworks */,
				6E20B4BA1942161D00830D55 /* Resources */,
			);
			buildRules = (
			);
			dependencies = (
			);
			name = NetworkNavigator;
			productName = NetworkNavigator;
			productReference = 6E20B4BC1942161D00830D55 /* NetworkNavigator.app */;
			productType = "com.apple.product-type.application";
		};
		6E20B4CF1942161D00830D55 /* NetworkNavigatorTests */ = {
			isa = PBXNativeTarget;
			buildConfigurationList = 6E20B4DD1942161D00830D55 /* Build configuration list for PBXNativeTarget "NetworkNavigatorTests" */;
			buildPhases = (
				6E20B4CC1942161D00830D55 /* Sources */,
				6E20B4CD1942161D00830D55 /* Frameworks */,
				6E20B4CE1942161D00830D55 /* Resources */,
			);
			buildRules = (
			);
			dependencies = (
				6E20B4D21942161D00830D55 /* PBXTargetDependency */,
			);
			name = NetworkNavigatorTests;
			productName = NetworkNavigatorTests;
			productReference = 6E20B4D01942161D00830D55 /* NetworkNavigatorTests.xctest */;
			productType = "com.apple.product-type.bundle.unit-test";
		};
/* End PBXNativeTarget section */

/* Begin PBXProject section */
		6E20B4B41942161D00830D55 /* Project object */ = {
			isa = PBXProject;
			attributes = {
				LastUpgradeCheck = 0600;
				ORGANIZATIONNAME = ColemanCDA;
				TargetAttributes = {
					6E20B4BB1942161D00830D55 = {
						CreatedOnToolsVersion = 6.0;
						DevelopmentTeam = 4W79SG34MW;
					};
					6E20B4CF1942161D00830D55 = {
						CreatedOnToolsVersion = 6.0;
						TestTargetID = 6E20B4BB1942161D00830D55;
					};
				};
			};
			buildConfigurationList = 6E20B4B71942161D00830D55 /* Build configuration list for PBXProject "NetworkNavigator" */;
			compatibilityVersion = "Xcode 3.2";
			developmentRegion = English;
			hasScannedForEncodings = 0;
			knownRegions = (
				en,
				Base,
			);
			mainGroup = 6E20B4B31942161D00830D55;
			productRefGroup = 6E20B4BD1942161D00830D55 /* Products */;
			projectDirPath = "";
			projectReferences = (
				{
					ProductGroup = 6E20B4E11942164600830D55 /* Products */;
					ProjectRef = 6E20B4E01942164600830D55 /* NetworkSceneGraph.xcodeproj */;
				},
			);
			projectRoot = "";
			targets = (
				6E20B4BB1942161D00830D55 /* NetworkNavigator */,
				6E20B4CF1942161D00830D55 /* NetworkNavigatorTests */,
			);
		};
/* End PBXProject section */

/* Begin PBXReferenceProxy section */
		6E20B4E71942164600830D55 /* NetworkSceneGraph.framework */ = {
			isa = PBXReferenceProxy;
			fileType = wrapper.framework;
			path = NetworkSceneGraph.framework;
			remoteRef = 6E20B4E61942164600830D55 /* PBXContainerItemProxy */;
			sourceTree = BUILT_PRODUCTS_DIR;
		};
		6E20B4E91942164600830D55 /* NetworkSceneGraphTests.xctest */ = {
			isa = PBXReferenceProxy;
			fileType = wrapper.cfbundle;
			path = NetworkSceneGraphTests.xctest;
			remoteRef = 6E20B4E81942164600830D55 /* PBXContainerItemProxy */;
			sourceTree = BUILT_PRODUCTS_DIR;
		};
/* End PBXReferenceProxy section */

/* Begin PBXResourcesBuildPhase section */
		6E20B4BA1942161D00830D55 /* Resources */ = {
			isa = PBXResourcesBuildPhase;
			buildActionMask = 2147483647;
			files = (
				6E20B4C81942161D00830D55 /* Images.xcassets in Resources */,
				6E20B4CB1942161D00830D55 /* Main.storyboard in Resources */,
			);
			runOnlyForDeploymentPostprocessing = 0;
		};
		6E20B4CE1942161D00830D55 /* Resources */ = {
			isa = PBXResourcesBuildPhase;
			buildActionMask = 2147483647;
			files = (
			);
			runOnlyForDeploymentPostprocessing = 0;
		};
/* End PBXResourcesBuildPhase section */

/* Begin PBXSourcesBuildPhase section */
		6E20B4B81942161D00830D55 /* Sources */ = {
			isa = PBXSourcesBuildPhase;
			buildActionMask = 2147483647;
			files = (
				6E20B4C61942161D00830D55 /* AppDelegate.swift in Sources */,
				6E20B4C41942161D00830D55 /* ViewController.swift in Sources */,
				6E20B4C21942161D00830D55 /* main.swift in Sources */,
			);
			runOnlyForDeploymentPostprocessing = 0;
		};
		6E20B4CC1942161D00830D55 /* Sources */ = {
			isa = PBXSourcesBuildPhase;
			buildActionMask = 2147483647;
			files = (
				6E20B4D71942161D00830D55 /* NetworkNavigatorTests.swift in Sources */,
			);
			runOnlyForDeploymentPostprocessing = 0;
		};
/* End PBXSourcesBuildPhase section */

/* Begin PBXTargetDependency section */
		6E20B4D21942161D00830D55 /* PBXTargetDependency */ = {
			isa = PBXTargetDependency;
			target = 6E20B4BB1942161D00830D55 /* NetworkNavigator */;
			targetProxy = 6E20B4D11942161D00830D55 /* PBXContainerItemProxy */;
		};
/* End PBXTargetDependency section */

/* Begin PBXVariantGroup section */
		6E20B4C91942161D00830D55 /* Main.storyboard */ = {
			isa = PBXVariantGroup;
			children = (
				6E20B4CA1942161D00830D55 /* Base */,
			);
			name = Main.storyboard;
			sourceTree = "<group>";
		};
/* End PBXVariantGroup section */

/* Begin XCBuildConfiguration section */
		6E20B4D81942161D00830D55 /* Debug */ = {
			isa = XCBuildConfiguration;
			buildSettings = {
				ALWAYS_SEARCH_USER_PATHS = NO;
				CLANG_CXX_LANGUAGE_STANDARD = "gnu++0x";
				CLANG_CXX_LIBRARY = "libc++";
				CLANG_ENABLE_MODULES = YES;
				CLANG_ENABLE_OBJC_ARC = YES;
				CLANG_WARN_BOOL_CONVERSION = YES;
				CLANG_WARN_CONSTANT_CONVERSION = YES;
				CLANG_WARN_DIRECT_OBJC_ISA_USAGE = YES_ERROR;
				CLANG_WARN_EMPTY_BODY = YES;
				CLANG_WARN_ENUM_CONVERSION = YES;
				CLANG_WARN_INT_CONVERSION = YES;
				CLANG_WARN_OBJC_ROOT_CLASS = YES_ERROR;
				CLANG_WARN_UNREACHABLE_CODE = YES;
				CLANG_WARN__DUPLICATE_METHOD_MATCH = YES;
				CODE_SIGN_IDENTITY = "-";
				COPY_PHASE_STRIP = NO;
				ENABLE_STRICT_OBJC_MSGSEND = YES;
				GCC_C_LANGUAGE_STANDARD = gnu99;
				GCC_DYNAMIC_NO_PIC = NO;
				GCC_OPTIMIZATION_LEVEL = 0;
				GCC_PREPROCESSOR_DEFINITIONS = (
					"DEBUG=1",
					"$(inherited)",
				);
				GCC_SYMBOLS_PRIVATE_EXTERN = NO;
				GCC_WARN_64_TO_32_BIT_CONVERSION = YES;
				GCC_WARN_ABOUT_RETURN_TYPE = YES_ERROR;
				GCC_WARN_UNDECLARED_SELECTOR = YES;
				GCC_WARN_UNINITIALIZED_AUTOS = YES_AGGRESSIVE;
				GCC_WARN_UNUSED_FUNCTION = YES;
				GCC_WARN_UNUSED_VARIABLE = YES;
				MACOSX_DEPLOYMENT_TARGET = 10.10;
				METAL_ENABLE_DEBUG_INFO = YES;
				ONLY_ACTIVE_ARCH = YES;
				SDKROOT = macosx;
				SWIFT_OPTIMIZATION_LEVEL = "-Onone";
			};
			name = Debug;
		};
		6E20B4D91942161D00830D55 /* Release */ = {
			isa = XCBuildConfiguration;
			buildSettings = {
				ALWAYS_SEARCH_USER_PATHS = NO;
				CLANG_CXX_LANGUAGE_STANDARD = "gnu++0x";
				CLANG_CXX_LIBRARY = "libc++";
				CLANG_ENABLE_MODULES = YES;
				CLANG_ENABLE_OBJC_ARC = YES;
				CLANG_WARN_BOOL_CONVERSION = YES;
				CLANG_WARN_CONSTANT_CONVERSION = YES;
				CLANG_WARN_DIRECT_OBJC_ISA_USAGE = YES_ERROR;
				CLANG_WARN_EMPTY_BODY = YES;
				CLANG_WARN_ENUM_CONVERSION = YES;
				CLANG_WARN_INT_CONVERSION = YES;
				CLANG_WARN_OBJC_ROOT_CLASS = YES_ERROR;
				CLANG_WARN_UNREACHABLE_CODE = YES;
				CLANG_WARN__DUPLICATE_METHOD_MATCH = YES;
				CODE_SIGN_IDENTITY = "-";
				COPY_PHASE_STRIP = YES;
				DEBUG_INFORMATION_FORMAT = "dwarf-with-dsym";
				ENABLE_NS_ASSERTIONS = NO;
				ENABLE_STRICT_OBJC_MSGSEND = YES;
				GCC_C_LANGUAGE_STANDARD = gnu99;
				GCC_WARN_64_TO_32_BIT_CONVERSION = YES;
				GCC_WARN_ABOUT_RETURN_TYPE = YES_ERROR;
				GCC_WARN_UNDECLARED_SELECTOR = YES;
				GCC_WARN_UNINITIALIZED_AUTOS = YES_AGGRESSIVE;
				GCC_WARN_UNUSED_FUNCTION = YES;
				GCC_WARN_UNUSED_VARIABLE = YES;
				MACOSX_DEPLOYMENT_TARGET = 10.10;
				METAL_ENABLE_DEBUG_INFO = NO;
				SDKROOT = macosx;
			};
			name = Release;
		};
		6E20B4DB1942161D00830D55 /* Debug */ = {
			isa = XCBuildConfiguration;
			buildSettings = {
				ASSETCATALOG_COMPILER_APPICON_NAME = AppIcon;
				CODE_SIGN_IDENTITY = "Mac Developer";
				COMBINE_HIDPI_IMAGES = YES;
				INFOPLIST_FILE = NetworkNavigator/Info.plist;
				LD_RUNPATH_SEARCH_PATHS = "$(inherited) @executable_path/../Frameworks";
				MACOSX_DEPLOYMENT_TARGET = 10.10;
				PRODUCT_NAME = "$(TARGET_NAME)";
			};
			name = Debug;
		};
		6E20B4DC1942161D00830D55 /* Release */ = {
			isa = XCBuildConfiguration;
			buildSettings = {
				ASSETCATALOG_COMPILER_APPICON_NAME = AppIcon;
				CODE_SIGN_IDENTITY = "Mac Developer";
				COMBINE_HIDPI_IMAGES = YES;
				INFOPLIST_FILE = NetworkNavigator/Info.plist;
				LD_RUNPATH_SEARCH_PATHS = "$(inherited) @executable_path/../Frameworks";
				MACOSX_DEPLOYMENT_TARGET = 10.10;
				PRODUCT_NAME = "$(TARGET_NAME)";
			};
			name = Release;
		};
		6E20B4DE1942161D00830D55 /* Debug */ = {
			isa = XCBuildConfiguration;
			buildSettings = {
				BUNDLE_LOADER = "$(BUILT_PRODUCTS_DIR)/NetworkNavigator.app/Contents/MacOS/NetworkNavigator";
				COMBINE_HIDPI_IMAGES = YES;
				FRAMEWORK_SEARCH_PATHS = (
					"$(DEVELOPER_FRAMEWORKS_DIR)",
					"$(inherited)",
				);
				GCC_PREPROCESSOR_DEFINITIONS = (
					"DEBUG=1",
					"$(inherited)",
				);
				INFOPLIST_FILE = NetworkNavigatorTests/Info.plist;
				LD_RUNPATH_SEARCH_PATHS = "$(inherited) @executable_path/../Frameworks @loader_path/../Frameworks";
				METAL_ENABLE_DEBUG_INFO = YES;
				PRODUCT_NAME = "$(TARGET_NAME)";
				TEST_HOST = "$(BUNDLE_LOADER)";
			};
			name = Debug;
		};
		6E20B4DF1942161D00830D55 /* Release */ = {
			isa = XCBuildConfiguration;
			buildSettings = {
				BUNDLE_LOADER = "$(BUILT_PRODUCTS_DIR)/NetworkNavigator.app/Contents/MacOS/NetworkNavigator";
				COMBINE_HIDPI_IMAGES = YES;
				FRAMEWORK_SEARCH_PATHS = (
					"$(DEVELOPER_FRAMEWORKS_DIR)",
					"$(inherited)",
				);
				INFOPLIST_FILE = NetworkNavigatorTests/Info.plist;
				LD_RUNPATH_SEARCH_PATHS = "$(inherited) @executable_path/../Frameworks @loader_path/../Frameworks";
				METAL_ENABLE_DEBUG_INFO = NO;
				PRODUCT_NAME = "$(TARGET_NAME)";
				TEST_HOST = "$(BUNDLE_LOADER)";
			};
			name = Release;
		};
/* End XCBuildConfiguration section */

/* Begin XCConfigurationList section */
		6E20B4B71942161D00830D55 /* Build configuration list for PBXProject "NetworkNavigator" */ = {
			isa = XCConfigurationList;
			buildConfigurations = (
				6E20B4D81942161D00830D55 /* Debug */,
				6E20B4D91942161D00830D55 /* Release */,
			);
			defaultConfigurationIsVisible = 0;
			defaultConfigurationName = Release;
		};
		6E20B4DA1942161D00830D55 /* Build configuration list for PBXNativeTarget "NetworkNavigator" */ = {
			isa = XCConfigurationList;
			buildConfigurations = (
				6E20B4DB1942161D00830D55 /* Debug */,
				6E20B4DC1942161D00830D55 /* Release */,
			);
			defaultConfigurationIsVisible = 0;
		};
		6E20B4DD1942161D00830D55 /* Build configuration list for PBXNativeTarget "NetworkNavigatorTests" */ = {
			isa = XCConfigurationList;
			buildConfigurations = (
				6E20B4DE1942161D00830D55 /* Debug */,
				6E20B4DF1942161D00830D55 /* Release */,
			);
			defaultConfigurationIsVisible = 0;
		};
/* End XCConfigurationList section */
	};
	rootObject = 6E20B4B41942161D00830D55 /* Project object */;
}
